
Microsoft Visual Studio Solution File, Format Version 12.00
# Visual Studio Version 16
VisualStudioVersion = 16.0.31005.135
MinimumVisualStudioVersion = 10.0.40219.1
Project("{FAE04EC0-301F-11D3-BF4B-00C04F79EFBC}") = "Hora_Jogadas", "Hora_Jogadas\Hora_Jogadas.csproj", "{4DC9E84E-833D-49AA-9CBA-B2542B8230FD}"
EndProject
Global
	GlobalSection(SolutionConfigurationPlatforms) = preSolution
		Debug|Any CPU = Debug|Any CPU
		Release|Any CPU = Release|Any CPU
	EndGlobalSection
	GlobalSection(ProjectConfigurationPlatforms) = postSolution
		{4DC9E84E-833D-49AA-9CBA-B2542B8230FD}.Debug|Any CPU.ActiveCfg = Debug|Any CPU
		{4DC9E84E-833D-49AA-9CBA-B2542B8230FD}.Debug|Any CPU.Build.0 = Debug|Any CPU
		{4DC9E84E-833D-49AA-9CBA-B2542B8230FD}.Release|Any CPU.ActiveCfg = Release|Any CPU
		{4DC9E84E-833D-49AA-9CBA-B2542B8230FD}.Release|Any CPU.Build.0 = Release|Any CPU
	EndGlobalSection
	GlobalSection(SolutionProperties) = preSolution
		HideSolutionNode = FALSE
	EndGlobalSection
	GlobalSection(ExtensibilityGlobals) = postSolution
		SolutionGuid = {211FB817-C3E6-435A-91F3-5FA57C0B786F}
	EndGlobalSection
EndGlobal
